
Microsoft Visual Studio Solution File, Format Version 12.00
# Visual Studio Version 17
VisualStudioVersion = 17.1.32228.430
MinimumVisualStudioVersion = 10.0.40219.1
Project("{FAE04EC0-301F-11D3-BF4B-00C04F79EFBC}") = "Hangman2", "Hangman2\Hangman2.csproj", "{AE0AACA5-956E-4930-99F1-742BE7E3C08E}"
EndProject
Global
	GlobalSection(SolutionConfigurationPlatforms) = preSolution
		Debug|Any CPU = Debug|Any CPU
		Release|Any CPU = Release|Any CPU
	EndGlobalSection
	GlobalSection(ProjectConfigurationPlatforms) = postSolution
		{AE0AACA5-956E-4930-99F1-742BE7E3C08E}.Debug|Any CPU.ActiveCfg = Debug|Any CPU
		{AE0AACA5-956E-4930-99F1-742BE7E3C08E}.Debug|Any CPU.Build.0 = Debug|Any CPU
		{AE0AACA5-956E-4930-99F1-742BE7E3C08E}.Release|Any CPU.ActiveCfg = Release|Any CPU
		{AE0AACA5-956E-4930-99F1-742BE7E3C08E}.Release|Any CPU.Build.0 = Release|Any CPU
	EndGlobalSection
	GlobalSection(SolutionProperties) = preSolution
		HideSolutionNode = FALSE
	EndGlobalSection
	GlobalSection(ExtensibilityGlobals) = postSolution
		SolutionGuid = {6D047DD9-5CEE-4EFA-BED9-60A8572F329F}
	EndGlobalSection
EndGlobal
